// !$*UTF8*$!
{
	archiveVersion = 1;
	classes = {
	};
	objectVersion = 46;
	objects = {

/* Begin PBXBuildFile section */
		66379E9816038766772EE01C /* Pods_musicsearch.framework in Frameworks */ = {isa = PBXBuildFile; fileRef = 1CD799B3552B8AE2D151B2B6 /* Pods_musicsearch.framework */; };
		84987C0D57306BBEE653B0AF /* Pods_musicsearchTests.framework in Frameworks */ = {isa = PBXBuildFile; fileRef = 423E6C80C00AFB660A3677C6 /* Pods_musicsearchTests.framework */; };
		9F05F16A1F0ED2EA007ED12F /* AppDelegate.swift in Sources */ = {isa = PBXBuildFile; fileRef = 9F05F1691F0ED2EA007ED12F /* AppDelegate.swift */; };
		9F05F16C1F0ED2EA007ED12F /* ResultsVC.swift in Sources */ = {isa = PBXBuildFile; fileRef = 9F05F16B1F0ED2EA007ED12F /* ResultsVC.swift */; };
		9F05F16F1F0ED2EA007ED12F /* Main.storyboard in Resources */ = {isa = PBXBuildFile; fileRef = 9F05F16D1F0ED2EA007ED12F /* Main.storyboard */; };
		9F05F1711F0ED2EA007ED12F /* Assets.xcassets in Resources */ = {isa = PBXBuildFile; fileRef = 9F05F1701F0ED2EA007ED12F /* Assets.xcassets */; };
		9F05F1741F0ED2EA007ED12F /* LaunchScreen.storyboard in Resources */ = {isa = PBXBuildFile; fileRef = 9F05F1721F0ED2EA007ED12F /* LaunchScreen.storyboard */; };
		9F05F17F1F0ED2EA007ED12F /* musicsearchTests.swift in Sources */ = {isa = PBXBuildFile; fileRef = 9F05F17E1F0ED2EA007ED12F /* musicsearchTests.swift */; };
		9F05F18A1F0ED4D8007ED12F /* songCell.swift in Sources */ = {isa = PBXBuildFile; fileRef = 9F05F1891F0ED4D8007ED12F /* songCell.swift */; };
		9F05F18B1F0ED4D8007ED12F /* songCell.swift in Sources */ = {isa = PBXBuildFile; fileRef = 9F05F1891F0ED4D8007ED12F /* songCell.swift */; };
		9F55B6561F10839A00DECE82 /* PlayerVC.swift in Sources */ = {isa = PBXBuildFile; fileRef = 9F55B6551F10839A00DECE82 /* PlayerVC.swift */; };
		9F98D1C41F0FF4D500DD135B /* RightToLeft+Segue.swift in Sources */ = {isa = PBXBuildFile; fileRef = 9F98D1C31F0FF4D500DD135B /* RightToLeft+Segue.swift */; };
		9F98D1CB1F0FF64300DD135B /* Result.swift in Sources */ = {isa = PBXBuildFile; fileRef = 9F98D1CA1F0FF64300DD135B /* Result.swift */; };
		9F98D1CD1F0FFAC000DD135B /* ResultDetailsVC.swift in Sources */ = {isa = PBXBuildFile; fileRef = 9F98D1CC1F0FFAC000DD135B /* ResultDetailsVC.swift */; };
		9F98D1CE1F0FFAC000DD135B /* ResultDetailsVC.swift in Sources */ = {isa = PBXBuildFile; fileRef = 9F98D1CC1F0FFAC000DD135B /* ResultDetailsVC.swift */; };
		9F98D1D01F1015AB00DD135B /* DataManager.swift in Sources */ = {isa = PBXBuildFile; fileRef = 9F98D1CF1F1015AB00DD135B /* DataManager.swift */; };
		9F98D1D11F1015AB00DD135B /* DataManager.swift in Sources */ = {isa = PBXBuildFile; fileRef = 9F98D1CF1F1015AB00DD135B /* DataManager.swift */; };
/* End PBXBuildFile section */

/* Begin PBXContainerItemProxy section */
		9F05F17B1F0ED2EA007ED12F /* PBXContainerItemProxy */ = {
			isa = PBXContainerItemProxy;
			containerPortal = 9F05F15E1F0ED2EA007ED12F /* Project object */;
			proxyType = 1;
			remoteGlobalIDString = 9F05F1651F0ED2EA007ED12F;
			remoteInfo = musicsearch;
		};
/* End PBXContainerItemProxy section */

/* Begin PBXFileReference section */
		1673032F04CC89F8130CE983 /* Pods-musicsearchTests.release.xcconfig */ = {isa = PBXFileReference; includeInIndex = 1; lastKnownFileType = text.xcconfig; name = "Pods-musicsearchTests.release.xcconfig"; path = "Pods/Target Support Files/Pods-musicsearchTests/Pods-musicsearchTests.release.xcconfig"; sourceTree = "<group>"; };
		1CD799B3552B8AE2D151B2B6 /* Pods_musicsearch.framework */ = {isa = PBXFileReference; explicitFileType = wrapper.framework; includeInIndex = 0; path = Pods_musicsearch.framework; sourceTree = BUILT_PRODUCTS_DIR; };
		320E29ACD0FAF0631A819D8D /* Pods-musicsearch.debug.xcconfig */ = {isa = PBXFileReference; includeInIndex = 1; lastKnownFileType = text.xcconfig; name = "Pods-musicsearch.debug.xcconfig"; path = "Pods/Target Support Files/Pods-musicsearch/Pods-musicsearch.debug.xcconfig"; sourceTree = "<group>"; };
		423E6C80C00AFB660A3677C6 /* Pods_musicsearchTests.framework */ = {isa = PBXFileReference; explicitFileType = wrapper.framework; includeInIndex = 0; path = Pods_musicsearchTests.framework; sourceTree = BUILT_PRODUCTS_DIR; };
		9F05F1661F0ED2EA007ED12F /* musicsearch.app */ = {isa = PBXFileReference; explicitFileType = wrapper.application; includeInIndex = 0; path = musicsearch.app; sourceTree = BUILT_PRODUCTS_DIR; };
		9F05F1691F0ED2EA007ED12F /* AppDelegate.swift */ = {isa = PBXFileReference; lastKnownFileType = sourcecode.swift; path = AppDelegate.swift; sourceTree = "<group>"; };
		9F05F16B1F0ED2EA007ED12F /* ResultsVC.swift */ = {isa = PBXFileReference; lastKnownFileType = sourcecode.swift; path = ResultsVC.swift; sourceTree = "<group>"; };
		9F05F16E1F0ED2EA007ED12F /* Base */ = {isa = PBXFileReference; lastKnownFileType = file.storyboard; name = Base; path = Base.lproj/Main.storyboard; sourceTree = "<group>"; };
		9F05F1701F0ED2EA007ED12F /* Assets.xcassets */ = {isa = PBXFileReference; lastKnownFileType = folder.assetcatalog; path = Assets.xcassets; sourceTree = "<group>"; };
		9F05F1731F0ED2EA007ED12F /* Base */ = {isa = PBXFileReference; lastKnownFileType = file.storyboard; name = Base; path = Base.lproj/LaunchScreen.storyboard; sourceTree = "<group>"; };
		9F05F1751F0ED2EA007ED12F /* Info.plist */ = {isa = PBXFileReference; lastKnownFileType = text.plist.xml; path = Info.plist; sourceTree = "<group>"; };
		9F05F17A1F0ED2EA007ED12F /* musicsearchTests.xctest */ = {isa = PBXFileReference; explicitFileType = wrapper.cfbundle; includeInIndex = 0; path = musicsearchTests.xctest; sourceTree = BUILT_PRODUCTS_DIR; };
		9F05F17E1F0ED2EA007ED12F /* musicsearchTests.swift */ = {isa = PBXFileReference; lastKnownFileType = sourcecode.swift; path = musicsearchTests.swift; sourceTree = "<group>"; };
		9F05F1801F0ED2EA007ED12F /* Info.plist */ = {isa = PBXFileReference; lastKnownFileType = text.plist.xml; path = Info.plist; sourceTree = "<group>"; };
		9F05F1891F0ED4D8007ED12F /* songCell.swift */ = {isa = PBXFileReference; fileEncoding = 4; lastKnownFileType = sourcecode.swift; path = songCell.swift; sourceTree = "<group>"; };
		9F55B6551F10839A00DECE82 /* PlayerVC.swift */ = {isa = PBXFileReference; fileEncoding = 4; lastKnownFileType = sourcecode.swift; path = PlayerVC.swift; sourceTree = "<group>"; };
		9F98D1C31F0FF4D500DD135B /* RightToLeft+Segue.swift */ = {isa = PBXFileReference; fileEncoding = 4; lastKnownFileType = sourcecode.swift; path = "RightToLeft+Segue.swift"; sourceTree = "<group>"; };
		9F98D1CA1F0FF64300DD135B /* Result.swift */ = {isa = PBXFileReference; fileEncoding = 4; lastKnownFileType = sourcecode.swift; path = Result.swift; sourceTree = "<group>"; };
		9F98D1CC1F0FFAC000DD135B /* ResultDetailsVC.swift */ = {isa = PBXFileReference; fileEncoding = 4; lastKnownFileType = sourcecode.swift; path = ResultDetailsVC.swift; sourceTree = "<group>"; };
		9F98D1CF1F1015AB00DD135B /* DataManager.swift */ = {isa = PBXFileReference; fileEncoding = 4; lastKnownFileType = sourcecode.swift; path = DataManager.swift; sourceTree = "<group>"; };
		A42A7C1ECF7A8F6BF70BE724 /* Pods-musicsearch.release.xcconfig */ = {isa = PBXFileReference; includeInIndex = 1; lastKnownFileType = text.xcconfig; name = "Pods-musicsearch.release.xcconfig"; path = "Pods/Target Support Files/Pods-musicsearch/Pods-musicsearch.release.xcconfig"; sourceTree = "<group>"; };
		BAEEA7C2F75AD2E7CE103FC5 /* Pods-musicsearchTests.debug.xcconfig */ = {isa = PBXFileReference; includeInIndex = 1; lastKnownFileType = text.xcconfig; name = "Pods-musicsearchTests.debug.xcconfig"; path = "Pods/Target Support Files/Pods-musicsearchTests/Pods-musicsearchTests.debug.xcconfig"; sourceTree = "<group>"; };
/* End PBXFileReference section */

/* Begin PBXFrameworksBuildPhase section */
		9F05F1631F0ED2EA007ED12F /* Frameworks */ = {
			isa = PBXFrameworksBuildPhase;
			buildActionMask = 2147483647;
			files = (
				66379E9816038766772EE01C /* Pods_musicsearch.framework in Frameworks */,
			);
			runOnlyForDeploymentPostprocessing = 0;
		};
		9F05F1771F0ED2EA007ED12F /* Frameworks */ = {
			isa = PBXFrameworksBuildPhase;
			buildActionMask = 2147483647;
			files = (
				84987C0D57306BBEE653B0AF /* Pods_musicsearchTests.framework in Frameworks */,
			);
			runOnlyForDeploymentPostprocessing = 0;
		};
/* End PBXFrameworksBuildPhase section */

/* Begin PBXGroup section */
		6EA571F51AC3BEA84FB153C1 /* Pods */ = {
			isa = PBXGroup;
			children = (
				320E29ACD0FAF0631A819D8D /* Pods-musicsearch.debug.xcconfig */,
				A42A7C1ECF7A8F6BF70BE724 /* Pods-musicsearch.release.xcconfig */,
				BAEEA7C2F75AD2E7CE103FC5 /* Pods-musicsearchTests.debug.xcconfig */,
				1673032F04CC89F8130CE983 /* Pods-musicsearchTests.release.xcconfig */,
			);
			name = Pods;
			sourceTree = "<group>";
		};
		9F05F15D1F0ED2EA007ED12F = {
			isa = PBXGroup;
			children = (
				9F05F1681F0ED2EA007ED12F /* musicsearch */,
				9F05F17D1F0ED2EA007ED12F /* musicsearchTests */,
				9F05F1671F0ED2EA007ED12F /* Products */,
				6EA571F51AC3BEA84FB153C1 /* Pods */,
				E6347316A77B8783707D01DD /* Frameworks */,
			);
			sourceTree = "<group>";
		};
		9F05F1671F0ED2EA007ED12F /* Products */ = {
			isa = PBXGroup;
			children = (
				9F05F1661F0ED2EA007ED12F /* musicsearch.app */,
				9F05F17A1F0ED2EA007ED12F /* musicsearchTests.xctest */,
			);
			name = Products;
			sourceTree = "<group>";
		};
		9F05F1681F0ED2EA007ED12F /* musicsearch */ = {
			isa = PBXGroup;
			children = (
				9F98D1C91F0FF50000DD135B /* Services */,
				9F98D1C81F0FF4F400DD135B /* Utilities */,
				9F98D1C71F0FF4EF00DD135B /* Controller */,
				9F98D1C61F0FF4EA00DD135B /* View */,
				9F98D1C51F0FF4E500DD135B /* Model */,
				9F05F1691F0ED2EA007ED12F /* AppDelegate.swift */,
				9F05F16D1F0ED2EA007ED12F /* Main.storyboard */,
				9F05F1701F0ED2EA007ED12F /* Assets.xcassets */,
				9F05F1721F0ED2EA007ED12F /* LaunchScreen.storyboard */,
				9F05F1751F0ED2EA007ED12F /* Info.plist */,
			);
			path = musicsearch;
			sourceTree = "<group>";
		};
		9F05F17D1F0ED2EA007ED12F /* musicsearchTests */ = {
			isa = PBXGroup;
			children = (
				9F05F17E1F0ED2EA007ED12F /* musicsearchTests.swift */,
				9F05F1801F0ED2EA007ED12F /* Info.plist */,
			);
			path = musicsearchTests;
			sourceTree = "<group>";
		};
		9F98D1C51F0FF4E500DD135B /* Model */ = {
			isa = PBXGroup;
			children = (
				9F98D1CA1F0FF64300DD135B /* Result.swift */,
			);
			name = Model;
			sourceTree = "<group>";
		};
		9F98D1C61F0FF4EA00DD135B /* View */ = {
			isa = PBXGroup;
			children = (
				9F05F1891F0ED4D8007ED12F /* songCell.swift */,
			);
			name = View;
			sourceTree = "<group>";
		};
		9F98D1C71F0FF4EF00DD135B /* Controller */ = {
			isa = PBXGroup;
			children = (
				9F05F16B1F0ED2EA007ED12F /* ResultsVC.swift */,
				9F98D1CC1F0FFAC000DD135B /* ResultDetailsVC.swift */,
				9F55B6551F10839A00DECE82 /* PlayerVC.swift */,
			);
			name = Controller;
			sourceTree = "<group>";
		};
		9F98D1C81F0FF4F400DD135B /* Utilities */ = {
			isa = PBXGroup;
			children = (
				9F98D1C31F0FF4D500DD135B /* RightToLeft+Segue.swift */,
			);
			name = Utilities;
			sourceTree = "<group>";
		};
		9F98D1C91F0FF50000DD135B /* Services */ = {
			isa = PBXGroup;
			children = (
				9F98D1CF1F1015AB00DD135B /* DataManager.swift */,
			);
			name = Services;
			sourceTree = "<group>";
		};
		E6347316A77B8783707D01DD /* Frameworks */ = {
			isa = PBXGroup;
			children = (
				1CD799B3552B8AE2D151B2B6 /* Pods_musicsearch.framework */,
				423E6C80C00AFB660A3677C6 /* Pods_musicsearchTests.framework */,
			);
			name = Frameworks;
			sourceTree = "<group>";
		};
/* End PBXGroup section */

/* Begin PBXNativeTarget section */
		9F05F1651F0ED2EA007ED12F /* musicsearch */ = {
			isa = PBXNativeTarget;
			buildConfigurationList = 9F05F1831F0ED2EA007ED12F /* Build configuration list for PBXNativeTarget "musicsearch" */;
			buildPhases = (
				B6E543F792A705D83AA3BD2D /* [CP] Check Pods Manifest.lock */,
				9F05F1621F0ED2EA007ED12F /* Sources */,
				9F05F1631F0ED2EA007ED12F /* Frameworks */,
				9F05F1641F0ED2EA007ED12F /* Resources */,
				5D4D519F2C71C482ECD9E495 /* [CP] Embed Pods Frameworks */,
				0F35530F96E281DC73A942D8 /* [CP] Copy Pods Resources */,
			);
			buildRules = (
			);
			dependencies = (
			);
			name = musicsearch;
			productName = musicsearch;
			productReference = 9F05F1661F0ED2EA007ED12F /* musicsearch.app */;
			productType = "com.apple.product-type.application";
		};
		9F05F1791F0ED2EA007ED12F /* musicsearchTests */ = {
			isa = PBXNativeTarget;
			buildConfigurationList = 9F05F1861F0ED2EA007ED12F /* Build configuration list for PBXNativeTarget "musicsearchTests" */;
			buildPhases = (
				6974CA685D7B26D84B035145 /* [CP] Check Pods Manifest.lock */,
				9F05F1761F0ED2EA007ED12F /* Sources */,
				9F05F1771F0ED2EA007ED12F /* Frameworks */,
				9F05F1781F0ED2EA007ED12F /* Resources */,
				BFB113372CB6DE511E1A4DA3 /* [CP] Embed Pods Frameworks */,
				3E6B2A45179D5383ECA5C0F4 /* [CP] Copy Pods Resources */,
			);
			buildRules = (
			);
			dependencies = (
				9F05F17C1F0ED2EA007ED12F /* PBXTargetDependency */,
			);
			name = musicsearchTests;
			productName = musicsearchTests;
			productReference = 9F05F17A1F0ED2EA007ED12F /* musicsearchTests.xctest */;
			productType = "com.apple.product-type.bundle.unit-test";
		};
/* End PBXNativeTarget section */

/* Begin PBXProject section */
		9F05F15E1F0ED2EA007ED12F /* Project object */ = {
			isa = PBXProject;
			attributes = {
				LastSwiftUpdateCheck = 0830;
				LastUpgradeCheck = 0830;
				ORGANIZATIONNAME = "Javid Poornasir";
				TargetAttributes = {
					9F05F1651F0ED2EA007ED12F = {
						CreatedOnToolsVersion = 8.3.3;
						DevelopmentTeam = VWFZU9229C;
						ProvisioningStyle = Automatic;
					};
					9F05F1791F0ED2EA007ED12F = {
						CreatedOnToolsVersion = 8.3.3;
						DevelopmentTeam = VWFZU9229C;
						ProvisioningStyle = Automatic;
						TestTargetID = 9F05F1651F0ED2EA007ED12F;
					};
				};
			};
			buildConfigurationList = 9F05F1611F0ED2EA007ED12F /* Build configuration list for PBXProject "musicsearch" */;
			compatibilityVersion = "Xcode 3.2";
			developmentRegion = English;
			hasScannedForEncodings = 0;
			knownRegions = (
				en,
				Base,
			);
			mainGroup = 9F05F15D1F0ED2EA007ED12F;
			productRefGroup = 9F05F1671F0ED2EA007ED12F /* Products */;
			projectDirPath = "";
			projectRoot = "";
			targets = (
				9F05F1651F0ED2EA007ED12F /* musicsearch */,
				9F05F1791F0ED2EA007ED12F /* musicsearchTests */,
			);
		};
/* End PBXProject section */

/* Begin PBXResourcesBuildPhase section */
		9F05F1641F0ED2EA007ED12F /* Resources */ = {
			isa = PBXResourcesBuildPhase;
			buildActionMask = 2147483647;
			files = (
				9F05F1741F0ED2EA007ED12F /* LaunchScreen.storyboard in Resources */,
				9F05F1711F0ED2EA007ED12F /* Assets.xcassets in Resources */,
				9F05F16F1F0ED2EA007ED12F /* Main.storyboard in Resources */,
			);
			runOnlyForDeploymentPostprocessing = 0;
		};
		9F05F1781F0ED2EA007ED12F /* Resources */ = {
			isa = PBXResourcesBuildPhase;
			buildActionMask = 2147483647;
			files = (
			);
			runOnlyForDeploymentPostprocessing = 0;
		};
/* End PBXResourcesBuildPhase section */

/* Begin PBXShellScriptBuildPhase section */
		0F35530F96E281DC73A942D8 /* [CP] Copy Pods Resources */ = {
			isa = PBXShellScriptBuildPhase;
			buildActionMask = 2147483647;
			files = (
			);
			inputPaths = (
			);
			name = "[CP] Copy Pods Resources";
			outputPaths = (
			);
			runOnlyForDeploymentPostprocessing = 0;
			shellPath = /bin/sh;
			shellScript = "\"${SRCROOT}/Pods/Target Support Files/Pods-musicsearch/Pods-musicsearch-resources.sh\"\n";
			showEnvVarsInLog = 0;
		};
		3E6B2A45179D5383ECA5C0F4 /* [CP] Copy Pods Resources */ = {
			isa = PBXShellScriptBuildPhase;
			buildActionMask = 2147483647;
			files = (
			);
			inputPaths = (
			);
			name = "[CP] Copy Pods Resources";
			outputPaths = (
			);
			runOnlyForDeploymentPostprocessing = 0;
			shellPath = /bin/sh;
			shellScript = "\"${SRCROOT}/Pods/Target Support Files/Pods-musicsearchTests/Pods-musicsearchTests-resources.sh\"\n";
			showEnvVarsInLog = 0;
		};
		5D4D519F2C71C482ECD9E495 /* [CP] Embed Pods Frameworks */ = {
			isa = PBXShellScriptBuildPhase;
			buildActionMask = 2147483647;
			files = (
			);
			inputPaths = (
			);
			name = "[CP] Embed Pods Frameworks";
			outputPaths = (
			);
			runOnlyForDeploymentPostprocessing = 0;
			shellPath = /bin/sh;
			shellScript = "\"${SRCROOT}/Pods/Target Support Files/Pods-musicsearch/Pods-musicsearch-frameworks.sh\"\n";
			showEnvVarsInLog = 0;
		};
		6974CA685D7B26D84B035145 /* [CP] Check Pods Manifest.lock */ = {
			isa = PBXShellScriptBuildPhase;
			buildActionMask = 2147483647;
			files = (
			);
			inputPaths = (
			);
			name = "[CP] Check Pods Manifest.lock";
			outputPaths = (
			);
			runOnlyForDeploymentPostprocessing = 0;
			shellPath = /bin/sh;
			shellScript = "diff \"${PODS_PODFILE_DIR_PATH}/Podfile.lock\" \"${PODS_ROOT}/Manifest.lock\" > /dev/null\nif [ $? != 0 ] ; then\n    # print error to STDERR\n    echo \"error: The sandbox is not in sync with the Podfile.lock. Run 'pod install' or update your CocoaPods installation.\" >&2\n    exit 1\nfi\n";
			showEnvVarsInLog = 0;
		};
		B6E543F792A705D83AA3BD2D /* [CP] Check Pods Manifest.lock */ = {
			isa = PBXShellScriptBuildPhase;
			buildActionMask = 2147483647;
			files = (
			);
			inputPaths = (
			);
			name = "[CP] Check Pods Manifest.lock";
			outputPaths = (
			);
			runOnlyForDeploymentPostprocessing = 0;
			shellPath = /bin/sh;
			shellScript = "diff \"${PODS_PODFILE_DIR_PATH}/Podfile.lock\" \"${PODS_ROOT}/Manifest.lock\" > /dev/null\nif [ $? != 0 ] ; then\n    # print error to STDERR\n    echo \"error: The sandbox is not in sync with the Podfile.lock. Run 'pod install' or update your CocoaPods installation.\" >&2\n    exit 1\nfi\n";
			showEnvVarsInLog = 0;
		};
		BFB113372CB6DE511E1A4DA3 /* [CP] Embed Pods Frameworks */ = {
			isa = PBXShellScriptBuildPhase;
			buildActionMask = 2147483647;
			files = (
			);
			inputPaths = (
			);
			name = "[CP] Embed Pods Frameworks";
			outputPaths = (
			);
			runOnlyForDeploymentPostprocessing = 0;
			shellPath = /bin/sh;
			shellScript = "\"${SRCROOT}/Pods/Target Support Files/Pods-musicsearchTests/Pods-musicsearchTests-frameworks.sh\"\n";
			showEnvVarsInLog = 0;
		};
/* End PBXShellScriptBuildPhase section */

/* Begin PBXSourcesBuildPhase section */
		9F05F1621F0ED2EA007ED12F /* Sources */ = {
			isa = PBXSourcesBuildPhase;
			buildActionMask = 2147483647;
			files = (
				9F98D1CB1F0FF64300DD135B /* Result.swift in Sources */,
				9F98D1D01F1015AB00DD135B /* DataManager.swift in Sources */,
				9F98D1CD1F0FFAC000DD135B /* ResultDetailsVC.swift in Sources */,
				9F98D1C41F0FF4D500DD135B /* RightToLeft+Segue.swift in Sources */,
				9F05F18A1F0ED4D8007ED12F /* songCell.swift in Sources */,
				9F05F16C1F0ED2EA007ED12F /* ResultsVC.swift in Sources */,
				9F05F16A1F0ED2EA007ED12F /* AppDelegate.swift in Sources */,
				9F55B6561F10839A00DECE82 /* PlayerVC.swift in Sources */,
			);
			runOnlyForDeploymentPostprocessing = 0;
		};
		9F05F1761F0ED2EA007ED12F /* Sources */ = {
			isa = PBXSourcesBuildPhase;
			buildActionMask = 2147483647;
			files = (
				9F05F18B1F0ED4D8007ED12F /* songCell.swift in Sources */,
				9F98D1D11F1015AB00DD135B /* DataManager.swift in Sources */,
				9F05F17F1F0ED2EA007ED12F /* musicsearchTests.swift in Sources */,
				9F98D1CE1F0FFAC000DD135B /* ResultDetailsVC.swift in Sources */,
			);
			runOnlyForDeploymentPostprocessing = 0;
		};
/* End PBXSourcesBuildPhase section */

/* Begin PBXTargetDependency section */
		9F05F17C1F0ED2EA007ED12F /* PBXTargetDependency */ = {
			isa = PBXTargetDependency;
			target = 9F05F1651F0ED2EA007ED12F /* musicsearch */;
			targetProxy = 9F05F17B1F0ED2EA007ED12F /* PBXContainerItemProxy */;
		};
/* End PBXTargetDependency section */

/* Begin PBXVariantGroup section */
		9F05F16D1F0ED2EA007ED12F /* Main.storyboard */ = {
			isa = PBXVariantGroup;
			children = (
				9F05F16E1F0ED2EA007ED12F /* Base */,
			);
			name = Main.storyboard;
			sourceTree = "<group>";
		};
		9F05F1721F0ED2EA007ED12F /* LaunchScreen.storyboard */ = {
			isa = PBXVariantGroup;
			children = (
				9F05F1731F0ED2EA007ED12F /* Base */,
			);
			name = LaunchScreen.storyboard;
			sourceTree = "<group>";
		};
/* End PBXVariantGroup section */

/* Begin XCBuildConfiguration section */
		9F05F1811F0ED2EA007ED12F /* Debug */ = {
			isa = XCBuildConfiguration;
			buildSettings = {
				ALWAYS_SEARCH_USER_PATHS = NO;
				CLANG_ANALYZER_NONNULL = YES;
				CLANG_ANALYZER_NUMBER_OBJECT_CONVERSION = YES_AGGRESSIVE;
				CLANG_CXX_LANGUAGE_STANDARD = "gnu++0x";
				CLANG_CXX_LIBRARY = "libc++";
				CLANG_ENABLE_MODULES = YES;
				CLANG_ENABLE_OBJC_ARC = YES;
				CLANG_WARN_BOOL_CONVERSION = YES;
				CLANG_WARN_CONSTANT_CONVERSION = YES;
				CLANG_WARN_DIRECT_OBJC_ISA_USAGE = YES_ERROR;
				CLANG_WARN_DOCUMENTATION_COMMENTS = YES;
				CLANG_WARN_EMPTY_BODY = YES;
				CLANG_WARN_ENUM_CONVERSION = YES;
				CLANG_WARN_INFINITE_RECURSION = YES;
				CLANG_WARN_INT_CONVERSION = YES;
				CLANG_WARN_OBJC_ROOT_CLASS = YES_ERROR;
				CLANG_WARN_SUSPICIOUS_MOVE = YES;
				CLANG_WARN_UNREACHABLE_CODE = YES;
				CLANG_WARN__DUPLICATE_METHOD_MATCH = YES;
				"CODE_SIGN_IDENTITY[sdk=iphoneos*]" = "iPhone Developer";
				COPY_PHASE_STRIP = NO;
				DEBUG_INFORMATION_FORMAT = dwarf;
				ENABLE_STRICT_OBJC_MSGSEND = YES;
				ENABLE_TESTABILITY = YES;
				GCC_C_LANGUAGE_STANDARD = gnu99;
				GCC_DYNAMIC_NO_PIC = NO;
				GCC_NO_COMMON_BLOCKS = YES;
				GCC_OPTIMIZATION_LEVEL = 0;
				GCC_PREPROCESSOR_DEFINITIONS = (
					"DEBUG=1",
					"$(inherited)",
				);
				GCC_WARN_64_TO_32_BIT_CONVERSION = YES;
				GCC_WARN_ABOUT_RETURN_TYPE = YES_ERROR;
				GCC_WARN_UNDECLARED_SELECTOR = YES;
				GCC_WARN_UNINITIALIZED_AUTOS = YES_AGGRESSIVE;
				GCC_WARN_UNUSED_FUNCTION = YES;
				GCC_WARN_UNUSED_VARIABLE = YES;
				IPHONEOS_DEPLOYMENT_TARGET = 10.3;
				MTL_ENABLE_DEBUG_INFO = YES;
				ONLY_ACTIVE_ARCH = YES;
				SDKROOT = iphoneos;
				SWIFT_ACTIVE_COMPILATION_CONDITIONS = DEBUG;
				SWIFT_OPTIMIZATION_LEVEL = "-Onone";
				TARGETED_DEVICE_FAMILY = "1,2";
			};
			name = Debug;
		};
		9F05F1821F0ED2EA007ED12F /* Release */ = {
			isa = XCBuildConfiguration;
			buildSettings = {
				ALWAYS_SEARCH_USER_PATHS = NO;
				CLANG_ANALYZER_NONNULL = YES;
				CLANG_ANALYZER_NUMBER_OBJECT_CONVERSION = YES_AGGRESSIVE;
				CLANG_CXX_LANGUAGE_STANDARD = "gnu++0x";
				CLANG_CXX_LIBRARY = "libc++";
				CLANG_ENABLE_MODULES = YES;
				CLANG_ENABLE_OBJC_ARC = YES;
				CLANG_WARN_BOOL_CONVERSION = YES;
				CLANG_WARN_CONSTANT_CONVERSION = YES;
				CLANG_WARN_DIRECT_OBJC_ISA_USAGE = YES_ERROR;
				CLANG_WARN_DOCUMENTATION_COMMENTS = YES;
				CLANG_WARN_EMPTY_BODY = YES;
				CLANG_WARN_ENUM_CONVERSION = YES;
				CLANG_WARN_INFINITE_RECURSION = YES;
				CLANG_WARN_INT_CONVERSION = YES;
				CLANG_WARN_OBJC_ROOT_CLASS = YES_ERROR;
				CLANG_WARN_SUSPICIOUS_MOVE = YES;
				CLANG_WARN_UNREACHABLE_CODE = YES;
				CLANG_WARN__DUPLICATE_METHOD_MATCH = YES;
				"CODE_SIGN_IDENTITY[sdk=iphoneos*]" = "iPhone Developer";
				COPY_PHASE_STRIP = NO;
				DEBUG_INFORMATION_FORMAT = "dwarf-with-dsym";
				ENABLE_NS_ASSERTIONS = NO;
				ENABLE_STRICT_OBJC_MSGSEND = YES;
				GCC_C_LANGUAGE_STANDARD = gnu99;
				GCC_NO_COMMON_BLOCKS = YES;
				GCC_WARN_64_TO_32_BIT_CONVERSION = YES;
				GCC_WARN_ABOUT_RETURN_TYPE = YES_ERROR;
				GCC_WARN_UNDECLARED_SELECTOR = YES;
				GCC_WARN_UNINITIALIZED_AUTOS = YES_AGGRESSIVE;
				GCC_WARN_UNUSED_FUNCTION = YES;
				GCC_WARN_UNUSED_VARIABLE = YES;
				IPHONEOS_DEPLOYMENT_TARGET = 10.3;
				MTL_ENABLE_DEBUG_INFO = NO;
				SDKROOT = iphoneos;
				SWIFT_OPTIMIZATION_LEVEL = "-Owholemodule";
				TARGETED_DEVICE_FAMILY = "1,2";
				VALIDATE_PRODUCT = YES;
			};
			name = Release;
		};
		9F05F1841F0ED2EA007ED12F /* Debug */ = {
			isa = XCBuildConfiguration;
			baseConfigurationReference = 320E29ACD0FAF0631A819D8D /* Pods-musicsearch.debug.xcconfig */;
			buildSettings = {
				ASSETCATALOG_COMPILER_APPICON_NAME = AppIcon;
				DEVELOPMENT_TEAM = VWFZU9229C;
				INFOPLIST_FILE = musicsearch/Info.plist;
				LD_RUNPATH_SEARCH_PATHS = "$(inherited) @executable_path/Frameworks";
				PRODUCT_BUNDLE_IDENTIFIER = com.cleandev.musicsearch;
				PRODUCT_NAME = "$(TARGET_NAME)";
				SWIFT_VERSION = 3.0;
			};
			name = Debug;
		};
		9F05F1851F0ED2EA007ED12F /* Release */ = {
			isa = XCBuildConfiguration;
			baseConfigurationReference = A42A7C1ECF7A8F6BF70BE724 /* Pods-musicsearch.release.xcconfig */;
			buildSettings = {
				ASSETCATALOG_COMPILER_APPICON_NAME = AppIcon;
				DEVELOPMENT_TEAM = VWFZU9229C;
				INFOPLIST_FILE = musicsearch/Info.plist;
				LD_RUNPATH_SEARCH_PATHS = "$(inherited) @executable_path/Frameworks";
				PRODUCT_BUNDLE_IDENTIFIER = com.cleandev.musicsearch;
				PRODUCT_NAME = "$(TARGET_NAME)";
				SWIFT_VERSION = 3.0;
			};
			name = Release;
		};
		9F05F1871F0ED2EA007ED12F /* Debug */ = {
			isa = XCBuildConfiguration;
			baseConfigurationReference = BAEEA7C2F75AD2E7CE103FC5 /* Pods-musicsearchTests.debug.xcconfig */;
			buildSettings = {
				ALWAYS_EMBED_SWIFT_STANDARD_LIBRARIES = YES;
				BUNDLE_LOADER = "$(TEST_HOST)";
				DEVELOPMENT_TEAM = VWFZU9229C;
				INFOPLIST_FILE = musicsearchTests/Info.plist;
				LD_RUNPATH_SEARCH_PATHS = "$(inherited) @executable_path/Frameworks @loader_path/Frameworks";
				PRODUCT_BUNDLE_IDENTIFIER = com.cleandev.musicsearchTests;
				PRODUCT_NAME = "$(TARGET_NAME)";
				SWIFT_VERSION = 3.0;
				TEST_HOST = "$(BUILT_PRODUCTS_DIR)/musicsearch.app/musicsearch";
			};
			name = Debug;
		};
		9F05F1881F0ED2EA007ED12F /* Release */ = {
			isa = XCBuildConfiguration;
			baseConfigurationReference = 1673032F04CC89F8130CE983 /* Pods-musicsearchTests.release.xcconfig */;
			buildSettings = {
				ALWAYS_EMBED_SWIFT_STANDARD_LIBRARIES = YES;
				BUNDLE_LOADER = "$(TEST_HOST)";
				DEVELOPMENT_TEAM = VWFZU9229C;
				INFOPLIST_FILE = musicsearchTests/Info.plist;
				LD_RUNPATH_SEARCH_PATHS = "$(inherited) @executable_path/Frameworks @loader_path/Frameworks";
				PRODUCT_BUNDLE_IDENTIFIER = com.cleandev.musicsearchTests;
				PRODUCT_NAME = "$(TARGET_NAME)";
				SWIFT_VERSION = 3.0;
				TEST_HOST = "$(BUILT_PRODUCTS_DIR)/musicsearch.app/musicsearch";
			};
			name = Release;
		};
/* End XCBuildConfiguration section */

/* Begin XCConfigurationList section */
		9F05F1611F0ED2EA007ED12F /* Build configuration list for PBXProject "musicsearch" */ = {
			isa = XCConfigurationList;
			buildConfigurations = (
				9F05F1811F0ED2EA007ED12F /* Debug */,
				9F05F1821F0ED2EA007ED12F /* Release */,
			);
			defaultConfigurationIsVisible = 0;
			defaultConfigurationName = Release;
		};
		9F05F1831F0ED2EA007ED12F /* Build configuration list for PBXNativeTarget "musicsearch" */ = {
			isa = XCConfigurationList;
			buildConfigurations = (
				9F05F1841F0ED2EA007ED12F /* Debug */,
				9F05F1851F0ED2EA007ED12F /* Release */,
			);
			defaultConfigurationIsVisible = 0;
			defaultConfigurationName = Release;
		};
		9F05F1861F0ED2EA007ED12F /* Build configuration list for PBXNativeTarget "musicsearchTests" */ = {
			isa = XCConfigurationList;
			buildConfigurations = (
				9F05F1871F0ED2EA007ED12F /* Debug */,
				9F05F1881F0ED2EA007ED12F /* Release */,
			);
			defaultConfigurationIsVisible = 0;
			defaultConfigurationName = Release;
		};
/* End XCConfigurationList section */
	};
	rootObject = 9F05F15E1F0ED2EA007ED12F /* Project object */;
}
